
Microsoft Visual Studio Solution File, Format Version 12.00
# Visual Studio Version 16
VisualStudioVersion = 16.0.29926.136
MinimumVisualStudioVersion = 10.0.40219.1
Project("{FAE04EC0-301F-11D3-BF4B-00C04F79EFBC}") = "LAB-27-API", "LAB-27-API\LAB-27-API.csproj", "{BEF83D8F-0F8A-42FF-B9E8-9229809C9792}"
EndProject
Global
	GlobalSection(SolutionConfigurationPlatforms) = preSolution
		Debug|Any CPU = Debug|Any CPU
		Release|Any CPU = Release|Any CPU
	EndGlobalSection
	GlobalSection(ProjectConfigurationPlatforms) = postSolution
		{BEF83D8F-0F8A-42FF-B9E8-9229809C9792}.Debug|Any CPU.ActiveCfg = Debug|Any CPU
		{BEF83D8F-0F8A-42FF-B9E8-9229809C9792}.Debug|Any CPU.Build.0 = Debug|Any CPU
		{BEF83D8F-0F8A-42FF-B9E8-9229809C9792}.Release|Any CPU.ActiveCfg = Release|Any CPU
		{BEF83D8F-0F8A-42FF-B9E8-9229809C9792}.Release|Any CPU.Build.0 = Release|Any CPU
	EndGlobalSection
	GlobalSection(SolutionProperties) = preSolution
		HideSolutionNode = FALSE
	EndGlobalSection
	GlobalSection(ExtensibilityGlobals) = postSolution
		SolutionGuid = {E05DA939-B66C-456F-844C-3F8E53F8D025}
	EndGlobalSection
EndGlobal
